// !$*UTF8*$!
{
	archiveVersion = 1;
	classes = {
	};
	objectVersion = 50;
	objects = {

/* Begin PBXBuildFile section */
		D341729E264D6D430004B54C /* AppDelegate.swift in Sources */ = {isa = PBXBuildFile; fileRef = D341729D264D6D430004B54C /* AppDelegate.swift */; };
		D34172A0264D6D430004B54C /* SceneDelegate.swift in Sources */ = {isa = PBXBuildFile; fileRef = D341729F264D6D430004B54C /* SceneDelegate.swift */; };
		D34172A5264D6D430004B54C /* Main.storyboard in Resources */ = {isa = PBXBuildFile; fileRef = D34172A3264D6D430004B54C /* Main.storyboard */; };
		D34172A7264D6D440004B54C /* Assets.xcassets in Resources */ = {isa = PBXBuildFile; fileRef = D34172A6264D6D440004B54C /* Assets.xcassets */; };
		D34172AA264D6D440004B54C /* LaunchScreen.storyboard in Resources */ = {isa = PBXBuildFile; fileRef = D34172A8264D6D440004B54C /* LaunchScreen.storyboard */; };
		D34172B5264D6D440004B54C /* BountyListTests.swift in Sources */ = {isa = PBXBuildFile; fileRef = D34172B4264D6D440004B54C /* BountyListTests.swift */; };
		D34172C0264D6D440004B54C /* BountyListUITests.swift in Sources */ = {isa = PBXBuildFile; fileRef = D34172BF264D6D440004B54C /* BountyListUITests.swift */; };
		D34172CE264D6DE00004B54C /* BountyViewContorllerViewController.swift in Sources */ = {isa = PBXBuildFile; fileRef = D34172CD264D6DE00004B54C /* BountyViewContorllerViewController.swift */; };
		D34172D0264D823E0004B54C /* DetailViewController.swift in Sources */ = {isa = PBXBuildFile; fileRef = D34172CF264D823E0004B54C /* DetailViewController.swift */; };
/* End PBXBuildFile section */

/* Begin PBXContainerItemProxy section */
		D34172B1264D6D440004B54C /* PBXContainerItemProxy */ = {
			isa = PBXContainerItemProxy;
			containerPortal = D3417292264D6D420004B54C /* Project object */;
			proxyType = 1;
			remoteGlobalIDString = D3417299264D6D420004B54C;
			remoteInfo = BountyList;
		};
		D34172BC264D6D440004B54C /* PBXContainerItemProxy */ = {
			isa = PBXContainerItemProxy;
			containerPortal = D3417292264D6D420004B54C /* Project object */;
			proxyType = 1;
			remoteGlobalIDString = D3417299264D6D420004B54C;
			remoteInfo = BountyList;
		};
/* End PBXContainerItemProxy section */

/* Begin PBXFileReference section */
		D341729A264D6D420004B54C /* BountyList.app */ = {isa = PBXFileReference; explicitFileType = wrapper.application; includeInIndex = 0; path = BountyList.app; sourceTree = BUILT_PRODUCTS_DIR; };
		D341729D264D6D430004B54C /* AppDelegate.swift */ = {isa = PBXFileReference; lastKnownFileType = sourcecode.swift; path = AppDelegate.swift; sourceTree = "<group>"; };
		D341729F264D6D430004B54C /* SceneDelegate.swift */ = {isa = PBXFileReference; lastKnownFileType = sourcecode.swift; path = SceneDelegate.swift; sourceTree = "<group>"; };
		D34172A4264D6D430004B54C /* Base */ = {isa = PBXFileReference; lastKnownFileType = file.storyboard; name = Base; path = Base.lproj/Main.storyboard; sourceTree = "<group>"; };
		D34172A6264D6D440004B54C /* Assets.xcassets */ = {isa = PBXFileReference; lastKnownFileType = folder.assetcatalog; path = Assets.xcassets; sourceTree = "<group>"; };
		D34172A9264D6D440004B54C /* Base */ = {isa = PBXFileReference; lastKnownFileType = file.storyboard; name = Base; path = Base.lproj/LaunchScreen.storyboard; sourceTree = "<group>"; };
		D34172AB264D6D440004B54C /* Info.plist */ = {isa = PBXFileReference; lastKnownFileType = text.plist.xml; path = Info.plist; sourceTree = "<group>"; };
		D34172B0264D6D440004B54C /* BountyListTests.xctest */ = {isa = PBXFileReference; explicitFileType = wrapper.cfbundle; includeInIndex = 0; path = BountyListTests.xctest; sourceTree = BUILT_PRODUCTS_DIR; };
		D34172B4264D6D440004B54C /* BountyListTests.swift */ = {isa = PBXFileReference; lastKnownFileType = sourcecode.swift; path = BountyListTests.swift; sourceTree = "<group>"; };
		D34172B6264D6D440004B54C /* Info.plist */ = {isa = PBXFileReference; lastKnownFileType = text.plist.xml; path = Info.plist; sourceTree = "<group>"; };
		D34172BB264D6D440004B54C /* BountyListUITests.xctest */ = {isa = PBXFileReference; explicitFileType = wrapper.cfbundle; includeInIndex = 0; path = BountyListUITests.xctest; sourceTree = BUILT_PRODUCTS_DIR; };
		D34172BF264D6D440004B54C /* BountyListUITests.swift */ = {isa = PBXFileReference; lastKnownFileType = sourcecode.swift; path = BountyListUITests.swift; sourceTree = "<group>"; };
		D34172C1264D6D440004B54C /* Info.plist */ = {isa = PBXFileReference; lastKnownFileType = text.plist.xml; path = Info.plist; sourceTree = "<group>"; };
		D34172CD264D6DE00004B54C /* BountyViewContorllerViewController.swift */ = {isa = PBXFileReference; lastKnownFileType = sourcecode.swift; path = BountyViewContorllerViewController.swift; sourceTree = "<group>"; };
		D34172CF264D823E0004B54C /* DetailViewController.swift */ = {isa = PBXFileReference; lastKnownFileType = sourcecode.swift; path = DetailViewController.swift; sourceTree = "<group>"; };
/* End PBXFileReference section */

/* Begin PBXFrameworksBuildPhase section */
		D3417297264D6D420004B54C /* Frameworks */ = {
			isa = PBXFrameworksBuildPhase;
			buildActionMask = 2147483647;
			files = (
			);
			runOnlyForDeploymentPostprocessing = 0;
		};
		D34172AD264D6D440004B54C /* Frameworks */ = {
			isa = PBXFrameworksBuildPhase;
			buildActionMask = 2147483647;
			files = (
			);
			runOnlyForDeploymentPostprocessing = 0;
		};
		D34172B8264D6D440004B54C /* Frameworks */ = {
			isa = PBXFrameworksBuildPhase;
			buildActionMask = 2147483647;
			files = (
			);
			runOnlyForDeploymentPostprocessing = 0;
		};
/* End PBXFrameworksBuildPhase section */

/* Begin PBXGroup section */
		D3417291264D6D420004B54C = {
			isa = PBXGroup;
			children = (
				D341729C264D6D420004B54C /* BountyList */,
				D34172B3264D6D440004B54C /* BountyListTests */,
				D34172BE264D6D440004B54C /* BountyListUITests */,
				D341729B264D6D420004B54C /* Products */,
			);
			sourceTree = "<group>";
		};
		D341729B264D6D420004B54C /* Products */ = {
			isa = PBXGroup;
			children = (
				D341729A264D6D420004B54C /* BountyList.app */,
				D34172B0264D6D440004B54C /* BountyListTests.xctest */,
				D34172BB264D6D440004B54C /* BountyListUITests.xctest */,
			);
			name = Products;
			sourceTree = "<group>";
		};
		D341729C264D6D420004B54C /* BountyList */ = {
			isa = PBXGroup;
			children = (
				D341729D264D6D430004B54C /* AppDelegate.swift */,
				D341729F264D6D430004B54C /* SceneDelegate.swift */,
				D34172A3264D6D430004B54C /* Main.storyboard */,
				D34172CD264D6DE00004B54C /* BountyViewContorllerViewController.swift */,
				D34172CF264D823E0004B54C /* DetailViewController.swift */,
				D34172A6264D6D440004B54C /* Assets.xcassets */,
				D34172A8264D6D440004B54C /* LaunchScreen.storyboard */,
				D34172AB264D6D440004B54C /* Info.plist */,
			);
			path = BountyList;
			sourceTree = "<group>";
		};
		D34172B3264D6D440004B54C /* BountyListTests */ = {
			isa = PBXGroup;
			children = (
				D34172B4264D6D440004B54C /* BountyListTests.swift */,
				D34172B6264D6D440004B54C /* Info.plist */,
			);
			path = BountyListTests;
			sourceTree = "<group>";
		};
		D34172BE264D6D440004B54C /* BountyListUITests */ = {
			isa = PBXGroup;
			children = (
				D34172BF264D6D440004B54C /* BountyListUITests.swift */,
				D34172C1264D6D440004B54C /* Info.plist */,
			);
			path = BountyListUITests;
			sourceTree = "<group>";
		};
/* End PBXGroup section */

/* Begin PBXNativeTarget section */
		D3417299264D6D420004B54C /* BountyList */ = {
			isa = PBXNativeTarget;
			buildConfigurationList = D34172C4264D6D440004B54C /* Build configuration list for PBXNativeTarget "BountyList" */;
			buildPhases = (
				D3417296264D6D420004B54C /* Sources */,
				D3417297264D6D420004B54C /* Frameworks */,
				D3417298264D6D420004B54C /* Resources */,
			);
			buildRules = (
			);
			dependencies = (
			);
			name = BountyList;
			productName = BountyList;
			productReference = D341729A264D6D420004B54C /* BountyList.app */;
			productType = "com.apple.product-type.application";
		};
		D34172AF264D6D440004B54C /* BountyListTests */ = {
			isa = PBXNativeTarget;
			buildConfigurationList = D34172C7264D6D440004B54C /* Build configuration list for PBXNativeTarget "BountyListTests" */;
			buildPhases = (
				D34172AC264D6D440004B54C /* Sources */,
				D34172AD264D6D440004B54C /* Frameworks */,
				D34172AE264D6D440004B54C /* Resources */,
			);
			buildRules = (
			);
			dependencies = (
				D34172B2264D6D440004B54C /* PBXTargetDependency */,
			);
			name = BountyListTests;
			productName = BountyListTests;
			productReference = D34172B0264D6D440004B54C /* BountyListTests.xctest */;
			productType = "com.apple.product-type.bundle.unit-test";
		};
		D34172BA264D6D440004B54C /* BountyListUITests */ = {
			isa = PBXNativeTarget;
			buildConfigurationList = D34172CA264D6D440004B54C /* Build configuration list for PBXNativeTarget "BountyListUITests" */;
			buildPhases = (
				D34172B7264D6D440004B54C /* Sources */,
				D34172B8264D6D440004B54C /* Frameworks */,
				D34172B9264D6D440004B54C /* Resources */,
			);
			buildRules = (
			);
			dependencies = (
				D34172BD264D6D440004B54C /* PBXTargetDependency */,
			);
			name = BountyListUITests;
			productName = BountyListUITests;
			productReference = D34172BB264D6D440004B54C /* BountyListUITests.xctest */;
			productType = "com.apple.product-type.bundle.ui-testing";
		};
/* End PBXNativeTarget section */

/* Begin PBXProject section */
		D3417292264D6D420004B54C /* Project object */ = {
			isa = PBXProject;
			attributes = {
				LastSwiftUpdateCheck = 1250;
				LastUpgradeCheck = 1250;
				TargetAttributes = {
					D3417299264D6D420004B54C = {
						CreatedOnToolsVersion = 12.5;
					};
					D34172AF264D6D440004B54C = {
						CreatedOnToolsVersion = 12.5;
						TestTargetID = D3417299264D6D420004B54C;
					};
					D34172BA264D6D440004B54C = {
						CreatedOnToolsVersion = 12.5;
						TestTargetID = D3417299264D6D420004B54C;
					};
				};
			};
			buildConfigurationList = D3417295264D6D420004B54C /* Build configuration list for PBXProject "BountyList" */;
			compatibilityVersion = "Xcode 9.3";
			developmentRegion = en;
			hasScannedForEncodings = 0;
			knownRegions = (
				en,
				Base,
			);
			mainGroup = D3417291264D6D420004B54C;
			productRefGroup = D341729B264D6D420004B54C /* Products */;
			projectDirPath = "";
			projectRoot = "";
			targets = (
				D3417299264D6D420004B54C /* BountyList */,
				D34172AF264D6D440004B54C /* BountyListTests */,
				D34172BA264D6D440004B54C /* BountyListUITests */,
			);
		};
/* End PBXProject section */

/* Begin PBXResourcesBuildPhase section */
		D3417298264D6D420004B54C /* Resources */ = {
			isa = PBXResourcesBuildPhase;
			buildActionMask = 2147483647;
			files = (
				D34172AA264D6D440004B54C /* LaunchScreen.storyboard in Resources */,
				D34172A7264D6D440004B54C /* Assets.xcassets in Resources */,
				D34172A5264D6D430004B54C /* Main.storyboard in Resources */,
			);
			runOnlyForDeploymentPostprocessing = 0;
		};
		D34172AE264D6D440004B54C /* Resources */ = {
			isa = PBXResourcesBuildPhase;
			buildActionMask = 2147483647;
			files = (
			);
			runOnlyForDeploymentPostprocessing = 0;
		};
		D34172B9264D6D440004B54C /* Resources */ = {
			isa = PBXResourcesBuildPhase;
			buildActionMask = 2147483647;
			files = (
			);
			runOnlyForDeploymentPostprocessing = 0;
		};
/* End PBXResourcesBuildPhase section */

/* Begin PBXSourcesBuildPhase section */
		D3417296264D6D420004B54C /* Sources */ = {
			isa = PBXSourcesBuildPhase;
			buildActionMask = 2147483647;
			files = (
				D34172CE264D6DE00004B54C /* BountyViewContorllerViewController.swift in Sources */,
				D341729E264D6D430004B54C /* AppDelegate.swift in Sources */,
				D34172A0264D6D430004B54C /* SceneDelegate.swift in Sources */,
				D34172D0264D823E0004B54C /* DetailViewController.swift in Sources */,
			);
			runOnlyForDeploymentPostprocessing = 0;
		};
		D34172AC264D6D440004B54C /* Sources */ = {
			isa = PBXSourcesBuildPhase;
			buildActionMask = 2147483647;
			files = (
				D34172B5264D6D440004B54C /* BountyListTests.swift in Sources */,
			);
			runOnlyForDeploymentPostprocessing = 0;
		};
		D34172B7264D6D440004B54C /* Sources */ = {
			isa = PBXSourcesBuildPhase;
			buildActionMask = 2147483647;
			files = (
				D34172C0264D6D440004B54C /* BountyListUITests.swift in Sources */,
			);
			runOnlyForDeploymentPostprocessing = 0;
		};
/* End PBXSourcesBuildPhase section */

/* Begin PBXTargetDependency section */
		D34172B2264D6D440004B54C /* PBXTargetDependency */ = {
			isa = PBXTargetDependency;
			target = D3417299264D6D420004B54C /* BountyList */;
			targetProxy = D34172B1264D6D440004B54C /* PBXContainerItemProxy */;
		};
		D34172BD264D6D440004B54C /* PBXTargetDependency */ = {
			isa = PBXTargetDependency;
			target = D3417299264D6D420004B54C /* BountyList */;
			targetProxy = D34172BC264D6D440004B54C /* PBXContainerItemProxy */;
		};
/* End PBXTargetDependency section */

/* Begin PBXVariantGroup section */
		D34172A3264D6D430004B54C /* Main.storyboard */ = {
			isa = PBXVariantGroup;
			children = (
				D34172A4264D6D430004B54C /* Base */,
			);
			name = Main.storyboard;
			sourceTree = "<group>";
		};
		D34172A8264D6D440004B54C /* LaunchScreen.storyboard */ = {
			isa = PBXVariantGroup;
			children = (
				D34172A9264D6D440004B54C /* Base */,
			);
			name = LaunchScreen.storyboard;
			sourceTree = "<group>";
		};
/* End PBXVariantGroup section */

/* Begin XCBuildConfiguration section */
		D34172C2264D6D440004B54C /* Debug */ = {
			isa = XCBuildConfiguration;
			buildSettings = {
				ALWAYS_SEARCH_USER_PATHS = NO;
				CLANG_ANALYZER_NONNULL = YES;
				CLANG_ANALYZER_NUMBER_OBJECT_CONVERSION = YES_AGGRESSIVE;
				CLANG_CXX_LANGUAGE_STANDARD = "gnu++14";
				CLANG_CXX_LIBRARY = "libc++";
				CLANG_ENABLE_MODULES = YES;
				CLANG_ENABLE_OBJC_ARC = YES;
				CLANG_ENABLE_OBJC_WEAK = YES;
				CLANG_WARN_BLOCK_CAPTURE_AUTORELEASING = YES;
				CLANG_WARN_BOOL_CONVERSION = YES;
				CLANG_WARN_COMMA = YES;
				CLANG_WARN_CONSTANT_CONVERSION = YES;
				CLANG_WARN_DEPRECATED_OBJC_IMPLEMENTATIONS = YES;
				CLANG_WARN_DIRECT_OBJC_ISA_USAGE = YES_ERROR;
				CLANG_WARN_DOCUMENTATION_COMMENTS = YES;
				CLANG_WARN_EMPTY_BODY = YES;
				CLANG_WARN_ENUM_CONVERSION = YES;
				CLANG_WARN_INFINITE_RECURSION = YES;
				CLANG_WARN_INT_CONVERSION = YES;
				CLANG_WARN_NON_LITERAL_NULL_CONVERSION = YES;
				CLANG_WARN_OBJC_IMPLICIT_RETAIN_SELF = YES;
				CLANG_WARN_OBJC_LITERAL_CONVERSION = YES;
				CLANG_WARN_OBJC_ROOT_CLASS = YES_ERROR;
				CLANG_WARN_QUOTED_INCLUDE_IN_FRAMEWORK_HEADER = YES;
				CLANG_WARN_RANGE_LOOP_ANALYSIS = YES;
				CLANG_WARN_STRICT_PROTOTYPES = YES;
				CLANG_WARN_SUSPICIOUS_MOVE = YES;
				CLANG_WARN_UNGUARDED_AVAILABILITY = YES_AGGRESSIVE;
				CLANG_WARN_UNREACHABLE_CODE = YES;
				CLANG_WARN__DUPLICATE_METHOD_MATCH = YES;
				COPY_PHASE_STRIP = NO;
				DEBUG_INFORMATION_FORMAT = dwarf;
				ENABLE_STRICT_OBJC_MSGSEND = YES;
				ENABLE_TESTABILITY = YES;
				GCC_C_LANGUAGE_STANDARD = gnu11;
				GCC_DYNAMIC_NO_PIC = NO;
				GCC_NO_COMMON_BLOCKS = YES;
				GCC_OPTIMIZATION_LEVEL = 0;
				GCC_PREPROCESSOR_DEFINITIONS = (
					"DEBUG=1",
					"$(inherited)",
				);
				GCC_WARN_64_TO_32_BIT_CONVERSION = YES;
				GCC_WARN_ABOUT_RETURN_TYPE = YES_ERROR;
				GCC_WARN_UNDECLARED_SELECTOR = YES;
				GCC_WARN_UNINITIALIZED_AUTOS = YES_AGGRESSIVE;
				GCC_WARN_UNUSED_FUNCTION = YES;
				GCC_WARN_UNUSED_VARIABLE = YES;
				IPHONEOS_DEPLOYMENT_TARGET = 14.5;
				MTL_ENABLE_DEBUG_INFO = INCLUDE_SOURCE;
				MTL_FAST_MATH = YES;
				ONLY_ACTIVE_ARCH = YES;
				SDKROOT = iphoneos;
				SWIFT_ACTIVE_COMPILATION_CONDITIONS = DEBUG;
				SWIFT_OPTIMIZATION_LEVEL = "-Onone";
			};
			name = Debug;
		};
		D34172C3264D6D440004B54C /* Release */ = {
			isa = XCBuildConfiguration;
			buildSettings = {
				ALWAYS_SEARCH_USER_PATHS = NO;
				CLANG_ANALYZER_NONNULL = YES;
				CLANG_ANALYZER_NUMBER_OBJECT_CONVERSION = YES_AGGRESSIVE;
				CLANG_CXX_LANGUAGE_STANDARD = "gnu++14";
				CLANG_CXX_LIBRARY = "libc++";
				CLANG_ENABLE_MODULES = YES;
				CLANG_ENABLE_OBJC_ARC = YES;
				CLANG_ENABLE_OBJC_WEAK = YES;
				CLANG_WARN_BLOCK_CAPTURE_AUTORELEASING = YES;
				CLANG_WARN_BOOL_CONVERSION = YES;
				CLANG_WARN_COMMA = YES;
				CLANG_WARN_CONSTANT_CONVERSION = YES;
				CLANG_WARN_DEPRECATED_OBJC_IMPLEMENTATIONS = YES;
				CLANG_WARN_DIRECT_OBJC_ISA_USAGE = YES_ERROR;
				CLANG_WARN_DOCUMENTATION_COMMENTS = YES;
				CLANG_WARN_EMPTY_BODY = YES;
				CLANG_WARN_ENUM_CONVERSION = YES;
				CLANG_WARN_INFINITE_RECURSION = YES;
				CLANG_WARN_INT_CONVERSION = YES;
				CLANG_WARN_NON_LITERAL_NULL_CONVERSION = YES;
				CLANG_WARN_OBJC_IMPLICIT_RETAIN_SELF = YES;
				CLANG_WARN_OBJC_LITERAL_CONVERSION = YES;
				CLANG_WARN_OBJC_ROOT_CLASS = YES_ERROR;
				CLANG_WARN_QUOTED_INCLUDE_IN_FRAMEWORK_HEADER = YES;
				CLANG_WARN_RANGE_LOOP_ANALYSIS = YES;
				CLANG_WARN_STRICT_PROTOTYPES = YES;
				CLANG_WARN_SUSPICIOUS_MOVE = YES;
				CLANG_WARN_UNGUARDED_AVAILABILITY = YES_AGGRESSIVE;
				CLANG_WARN_UNREACHABLE_CODE = YES;
				CLANG_WARN__DUPLICATE_METHOD_MATCH = YES;
				COPY_PHASE_STRIP = NO;
				DEBUG_INFORMATION_FORMAT = "dwarf-with-dsym";
				ENABLE_NS_ASSERTIONS = NO;
				ENABLE_STRICT_OBJC_MSGSEND = YES;
				GCC_C_LANGUAGE_STANDARD = gnu11;
				GCC_NO_COMMON_BLOCKS = YES;
				GCC_WARN_64_TO_32_BIT_CONVERSION = YES;
				GCC_WARN_ABOUT_RETURN_TYPE = YES_ERROR;
				GCC_WARN_UNDECLARED_SELECTOR = YES;
				GCC_WARN_UNINITIALIZED_AUTOS = YES_AGGRESSIVE;
				GCC_WARN_UNUSED_FUNCTION = YES;
				GCC_WARN_UNUSED_VARIABLE = YES;
				IPHONEOS_DEPLOYMENT_TARGET = 14.5;
				MTL_ENABLE_DEBUG_INFO = NO;
				MTL_FAST_MATH = YES;
				SDKROOT = iphoneos;
				SWIFT_COMPILATION_MODE = wholemodule;
				SWIFT_OPTIMIZATION_LEVEL = "-O";
				VALIDATE_PRODUCT = YES;
			};
			name = Release;
		};
		D34172C5264D6D440004B54C /* Debug */ = {
			isa = XCBuildConfiguration;
			buildSettings = {
				ASSETCATALOG_COMPILER_APPICON_NAME = AppIcon;
				ASSETCATALOG_COMPILER_GLOBAL_ACCENT_COLOR_NAME = AccentColor;
				CODE_SIGN_STYLE = Automatic;
				INFOPLIST_FILE = BountyList/Info.plist;
				LD_RUNPATH_SEARCH_PATHS = (
					"$(inherited)",
					"@executable_path/Frameworks",
				);
				PRODUCT_BUNDLE_IDENTIFIER = com.jayden.BountyList;
				PRODUCT_NAME = "$(TARGET_NAME)";
				SWIFT_VERSION = 5.0;
				TARGETED_DEVICE_FAMILY = "1,2";
			};
			name = Debug;
		};
		D34172C6264D6D440004B54C /* Release */ = {
			isa = XCBuildConfiguration;
			buildSettings = {
				ASSETCATALOG_COMPILER_APPICON_NAME = AppIcon;
				ASSETCATALOG_COMPILER_GLOBAL_ACCENT_COLOR_NAME = AccentColor;
				CODE_SIGN_STYLE = Automatic;
				INFOPLIST_FILE = BountyList/Info.plist;
				LD_RUNPATH_SEARCH_PATHS = (
					"$(inherited)",
					"@executable_path/Frameworks",
				);
				PRODUCT_BUNDLE_IDENTIFIER = com.jayden.BountyList;
				PRODUCT_NAME = "$(TARGET_NAME)";
				SWIFT_VERSION = 5.0;
				TARGETED_DEVICE_FAMILY = "1,2";
			};
			name = Release;
		};
		D34172C8264D6D440004B54C /* Debug */ = {
			isa = XCBuildConfiguration;
			buildSettings = {
				ALWAYS_EMBED_SWIFT_STANDARD_LIBRARIES = YES;
				BUNDLE_LOADER = "$(TEST_HOST)";
				CODE_SIGN_STYLE = Automatic;
				INFOPLIST_FILE = BountyListTests/Info.plist;
				IPHONEOS_DEPLOYMENT_TARGET = 14.5;
				LD_RUNPATH_SEARCH_PATHS = (
					"$(inherited)",
					"@executable_path/Frameworks",
					"@loader_path/Frameworks",
				);
				PRODUCT_BUNDLE_IDENTIFIER = com.jayden.BountyListTests;
				PRODUCT_NAME = "$(TARGET_NAME)";
				SWIFT_VERSION = 5.0;
				TARGETED_DEVICE_FAMILY = "1,2";
				TEST_HOST = "$(BUILT_PRODUCTS_DIR)/BountyList.app/BountyList";
			};
			name = Debug;
		};
		D34172C9264D6D440004B54C /* Release */ = {
			isa = XCBuildConfiguration;
			buildSettings = {
				ALWAYS_EMBED_SWIFT_STANDARD_LIBRARIES = YES;
				BUNDLE_LOADER = "$(TEST_HOST)";
				CODE_SIGN_STYLE = Automatic;
				INFOPLIST_FILE = BountyListTests/Info.plist;
				IPHONEOS_DEPLOYMENT_TARGET = 14.5;
				LD_RUNPATH_SEARCH_PATHS = (
					"$(inherited)",
					"@executable_path/Frameworks",
					"@loader_path/Frameworks",
				);
				PRODUCT_BUNDLE_IDENTIFIER = com.jayden.BountyListTests;
				PRODUCT_NAME = "$(TARGET_NAME)";
				SWIFT_VERSION = 5.0;
				TARGETED_DEVICE_FAMILY = "1,2";
				TEST_HOST = "$(BUILT_PRODUCTS_DIR)/BountyList.app/BountyList";
			};
			name = Release;
		};
		D34172CB264D6D440004B54C /* Debug */ = {
			isa = XCBuildConfiguration;
			buildSettings = {
				ALWAYS_EMBED_SWIFT_STANDARD_LIBRARIES = YES;
				CODE_SIGN_STYLE = Automatic;
				INFOPLIST_FILE = BountyListUITests/Info.plist;
				LD_RUNPATH_SEARCH_PATHS = (
					"$(inherited)",
					"@executable_path/Frameworks",
					"@loader_path/Frameworks",
				);
				PRODUCT_BUNDLE_IDENTIFIER = com.jayden.BountyListUITests;
				PRODUCT_NAME = "$(TARGET_NAME)";
				SWIFT_VERSION = 5.0;
				TARGETED_DEVICE_FAMILY = "1,2";
				TEST_TARGET_NAME = BountyList;
			};
			name = Debug;
		};
		D34172CC264D6D440004B54C /* Release */ = {
			isa = XCBuildConfiguration;
			buildSettings = {
				ALWAYS_EMBED_SWIFT_STANDARD_LIBRARIES = YES;
				CODE_SIGN_STYLE = Automatic;
				INFOPLIST_FILE = BountyListUITests/Info.plist;
				LD_RUNPATH_SEARCH_PATHS = (
					"$(inherited)",
					"@executable_path/Frameworks",
					"@loader_path/Frameworks",
				);
				PRODUCT_BUNDLE_IDENTIFIER = com.jayden.BountyListUITests;
				PRODUCT_NAME = "$(TARGET_NAME)";
				SWIFT_VERSION = 5.0;
				TARGETED_DEVICE_FAMILY = "1,2";
				TEST_TARGET_NAME = BountyList;
			};
			name = Release;
		};
/* End XCBuildConfiguration section */

/* Begin XCConfigurationList section */
		D3417295264D6D420004B54C /* Build configuration list for PBXProject "BountyList" */ = {
			isa = XCConfigurationList;
			buildConfigurations = (
				D34172C2264D6D440004B54C /* Debug */,
				D34172C3264D6D440004B54C /* Release */,
			);
			defaultConfigurationIsVisible = 0;
			defaultConfigurationName = Release;
		};
		D34172C4264D6D440004B54C /* Build configuration list for PBXNativeTarget "BountyList" */ = {
			isa = XCConfigurationList;
			buildConfigurations = (
				D34172C5264D6D440004B54C /* Debug */,
				D34172C6264D6D440004B54C /* Release */,
			);
			defaultConfigurationIsVisible = 0;
			defaultConfigurationName = Release;
		};
		D34172C7264D6D440004B54C /* Build configuration list for PBXNativeTarget "BountyListTests" */ = {
			isa = XCConfigurationList;
			buildConfigurations = (
				D34172C8264D6D440004B54C /* Debug */,
				D34172C9264D6D440004B54C /* Release */,
			);
			defaultConfigurationIsVisible = 0;
			defaultConfigurationName = Release;
		};
		D34172CA264D6D440004B54C /* Build configuration list for PBXNativeTarget "BountyListUITests" */ = {
			isa = XCConfigurationList;
			buildConfigurations = (
				D34172CB264D6D440004B54C /* Debug */,
				D34172CC264D6D440004B54C /* Release */,
			);
			defaultConfigurationIsVisible = 0;
			defaultConfigurationName = Release;
		};
/* End XCConfigurationList section */
	};
	rootObject = D3417292264D6D420004B54C /* Project object */;
}
